Microsoft Visual Studio Solution File, Format Version 12.00
# Visual Studio Version 17
VisualStudioVersion = 17.0.31903.59
MinimumVisualStudioVersion = 10.0.40219.1
Project("{2150E333-8FDC-42A3-9474-1A3956D46DE8}") = "src", "src", "{A1111111-1111-1111-1111-111111111111}"
EndProject
Project("{2150E333-8FDC-42A3-9474-1A3956D46DE8}") = "tests", "tests", "{A2222222-2222-2222-2222-222222222222}"
EndProject
Project("{FAE04EC0-301F-11D3-BF4B-00C04F79EFBC}") = "MeetingAudioRecorder.Core", "src\MeetingAudioRecorder.Core\MeetingAudioRecorder.Core.csproj", "{B1111111-1111-1111-1111-111111111111}"
EndProject
Project("{FAE04EC0-301F-11D3-BF4B-00C04F79EFBC}") = "MeetingAudioRecorder.Audio", "src\MeetingAudioRecorder.Audio\MeetingAudioRecorder.Audio.csproj", "{B2222222-2222-2222-2222-222222222222}"
EndProject
Project("{FAE04EC0-301F-11D3-BF4B-00C04F79EFBC}") = "MeetingAudioRecorder.Infrastructure", "src\MeetingAudioRecorder.Infrastructure\MeetingAudioRecorder.Infrastructure.csproj", "{B3333333-3333-3333-3333-333333333333}"
EndProject
Project("{FAE04EC0-301F-11D3-BF4B-00C04F79EFBC}") = "MeetingAudioRecorder.App", "src\MeetingAudioRecorder.App\MeetingAudioRecorder.App.csproj", "{B4444444-4444-4444-4444-444444444444}"
EndProject
Project("{FAE04EC0-301F-11D3-BF4B-00C04F79EFBC}") = "MeetingAudioRecorder.BrowserBridge", "src\MeetingAudioRecorder.BrowserBridge\MeetingAudioRecorder.BrowserBridge.csproj", "{B5555555-5555-5555-5555-555555555555}"
EndProject
Project("{FAE04EC0-301F-11D3-BF4B-00C04F79EFBC}") = "MeetingAudioRecorder.Core.Tests", "tests\MeetingAudioRecorder.Core.Tests\MeetingAudioRecorder.Core.Tests.csproj", "{C1111111-1111-1111-1111-111111111111}"
EndProject
Project("{FAE04EC0-301F-11D3-BF4B-00C04F79EFBC}") = "MeetingAudioRecorder.Audio.Tests", "tests\MeetingAudioRecorder.Audio.Tests\MeetingAudioRecorder.Audio.Tests.csproj", "{C2222222-2222-2222-2222-222222222222}"
EndProject
Global
	GlobalSection(SolutionConfigurationPlatforms) = preSolution
		Debug|Any CPU = Debug|Any CPU
		Release|Any CPU = Release|Any CPU
	EndGlobalSection
	GlobalSection(ProjectConfigurationPlatforms) = postSolution
		{B1111111-1111-1111-1111-111111111111}.Debug|Any CPU.ActiveCfg = Debug|Any CPU
		{B1111111-1111-1111-1111-111111111111}.Debug|Any CPU.Build.0 = Debug|Any CPU
		{B1111111-1111-1111-1111-111111111111}.Release|Any CPU.ActiveCfg = Release|Any CPU
		{B1111111-1111-1111-1111-111111111111}.Release|Any CPU.Build.0 = Release|Any CPU
		{B2222222-2222-2222-2222-222222222222}.Debug|Any CPU.ActiveCfg = Debug|Any CPU
		{B2222222-2222-2222-2222-222222222222}.Debug|Any CPU.Build.0 = Debug|Any CPU
		{B2222222-2222-2222-2222-222222222222}.Release|Any CPU.ActiveCfg = Release|Any CPU
		{B2222222-2222-2222-2222-222222222222}.Release|Any CPU.Build.0 = Release|Any CPU
		{B3333333-3333-3333-3333-333333333333}.Debug|Any CPU.ActiveCfg = Debug|Any CPU
		{B3333333-3333-3333-3333-333333333333}.Debug|Any CPU.Build.0 = Debug|Any CPU
		{B3333333-3333-3333-3333-333333333333}.Release|Any CPU.ActiveCfg = Release|Any CPU
		{B3333333-3333-3333-3333-333333333333}.Release|Any CPU.Build.0 = Release|Any CPU
		{B4444444-4444-4444-4444-444444444444}.Debug|Any CPU.ActiveCfg = Debug|Any CPU
		{B4444444-4444-4444-4444-444444444444}.Debug|Any CPU.Build.0 = Debug|Any CPU
		{B4444444-4444-4444-4444-444444444444}.Release|Any CPU.ActiveCfg = Release|Any CPU
		{B4444444-4444-4444-4444-444444444444}.Release|Any CPU.Build.0 = Release|Any CPU
		{B5555555-5555-5555-5555-555555555555}.Debug|Any CPU.ActiveCfg = Debug|Any CPU
		{B5555555-5555-5555-5555-555555555555}.Debug|Any CPU.Build.0 = Debug|Any CPU
		{B5555555-5555-5555-5555-555555555555}.Release|Any CPU.ActiveCfg = Release|Any CPU
		{B5555555-5555-5555-5555-555555555555}.Release|Any CPU.Build.0 = Release|Any CPU
		{C1111111-1111-1111-1111-111111111111}.Debug|Any CPU.ActiveCfg = Debug|Any CPU
		{C1111111-1111-1111-1111-111111111111}.Debug|Any CPU.Build.0 = Debug|Any CPU
		{C1111111-1111-1111-1111-111111111111}.Release|Any CPU.ActiveCfg = Release|Any CPU
		{C1111111-1111-1111-1111-111111111111}.Release|Any CPU.Build.0 = Release|Any CPU
		{C2222222-2222-2222-2222-222222222222}.Debug|Any CPU.ActiveCfg = Debug|Any CPU
		{C2222222-2222-2222-2222-222222222222}.Debug|Any CPU.Build.0 = Debug|Any CPU
		{C2222222-2222-2222-2222-222222222222}.Release|Any CPU.ActiveCfg = Release|Any CPU
		{C2222222-2222-2222-2222-222222222222}.Release|Any CPU.Build.0 = Release|Any CPU
	EndGlobalSection
	GlobalSection(NestedProjects) = preSolution
		{B1111111-1111-1111-1111-111111111111} = {A1111111-1111-1111-1111-111111111111}
		{B2222222-2222-2222-2222-222222222222} = {A1111111-1111-1111-1111-111111111111}
		{B3333333-3333-3333-3333-333333333333} = {A1111111-1111-1111-1111-111111111111}
		{B4444444-4444-4444-4444-444444444444} = {A1111111-1111-1111-1111-111111111111}
		{B5555555-5555-5555-5555-555555555555} = {A1111111-1111-1111-1111-111111111111}
		{C1111111-1111-1111-1111-111111111111} = {A2222222-2222-2222-2222-222222222222}
		{C2222222-2222-2222-2222-222222222222} = {A2222222-2222-2222-2222-222222222222}
	EndGlobalSection
EndGlobal
